
Microsoft Visual Studio Solution File, Format Version 12.00
# Visual Studio Version 16
VisualStudioVersion = 16.0.30413.136
MinimumVisualStudioVersion = 10.0.40219.1
Project("{FAE04EC0-301F-11D3-BF4B-00C04F79EFBC}") = "Miniräknare", "Miniräknare\Miniräknare.csproj", "{BFC91170-8144-4710-B382-20A8BF0F0584}"
EndProject
Global
	GlobalSection(SolutionConfigurationPlatforms) = preSolution
		Debug|Any CPU = Debug|Any CPU
		Release|Any CPU = Release|Any CPU
	EndGlobalSection
	GlobalSection(ProjectConfigurationPlatforms) = postSolution
		{BFC91170-8144-4710-B382-20A8BF0F0584}.Debug|Any CPU.ActiveCfg = Debug|Any CPU
		{BFC91170-8144-4710-B382-20A8BF0F0584}.Debug|Any CPU.Build.0 = Debug|Any CPU
		{BFC91170-8144-4710-B382-20A8BF0F0584}.Release|Any CPU.ActiveCfg = Release|Any CPU
		{BFC91170-8144-4710-B382-20A8BF0F0584}.Release|Any CPU.Build.0 = Release|Any CPU
	EndGlobalSection
	GlobalSection(SolutionProperties) = preSolution
		HideSolutionNode = FALSE
	EndGlobalSection
	GlobalSection(ExtensibilityGlobals) = postSolution
		SolutionGuid = {EDDD7EFF-D263-4C43-910A-FC9EA709BF49}
	EndGlobalSection
EndGlobal
